schemaVersion = "1.0"
resolverVersion = "0.1.0"

[[components]]
id = "lcod://tooling/resolver@0.1.0"
resolved = "lcod://tooling/resolver@0.1.0"

  [components.source]
  type = "path"
  path = "."

  [[components.dependencies]]
  id = "lcod://axiom/fs/write-file@1"

    [components.dependencies.source]
    type = "registry"
    reference = "lcod://axiom/fs/write-file@1"

  [[components.dependencies]]
  id = "lcod://flow/foreach@1"

    [components.dependencies.source]
    type = "registry"
    reference = "lcod://flow/foreach@1"

  [[components.dependencies]]
  id = "lcod://contract/tooling/resolve-dependency@1"

    [components.dependencies.source]
    type = "registry"
    reference = "lcod://contract/tooling/resolve-dependency@1"

  [[components.dependencies]]
  id = "lcod://impl/set@1"

    [components.dependencies.source]
    type = "registry"
    reference = "lcod://impl/set@1"

  [[components.dependencies]]
  id = "lcod://tooling/resolver/internal/load-descriptor@0.1.0"

    [components.dependencies.source]
    type = "registry"
    reference = "lcod://tooling/resolver/internal/load-descriptor@0.1.0"

  [[components.dependencies]]
  id = "lcod://tooling/resolver/internal/load-config@0.1.0"

    [components.dependencies.source]
    type = "registry"
    reference = "lcod://tooling/resolver/internal/load-config@0.1.0"

  [[components.dependencies]]
  id = "lcod://tooling/resolver/internal/lock-path@0.1.0"

    [components.dependencies.source]
    type = "registry"
    reference = "lcod://tooling/resolver/internal/lock-path@0.1.0"

  [[components.dependencies]]
  id = "lcod://tooling/resolver/internal/prepare-config@0.1.0"

    [components.dependencies.source]
    type = "registry"
    reference = "lcod://tooling/resolver/internal/prepare-config@0.1.0"

  [[components.dependencies]]
  id = "lcod://tooling/resolver/internal/prepare-cache@0.1.0"

    [components.dependencies.source]
    type = "registry"
    reference = "lcod://tooling/resolver/internal/prepare-cache@0.1.0"

  [[components.dependencies]]
  id = "lcod://tooling/resolver/internal/resolve-dependencies@0.1.0"

    [components.dependencies.source]
    type = "registry"
    reference = "lcod://tooling/resolver/internal/resolve-dependencies@0.1.0"

  [[components.dependencies]]
  id = "lcod://tooling/resolver/internal/summarize-result@0.1.0"

    [components.dependencies.source]
    type = "registry"
    reference = "lcod://tooling/resolver/internal/summarize-result@0.1.0"

  [[components.dependencies]]
  id = "lcod://tooling/resolver/internal/build-lock@0.1.0"

    [components.dependencies.source]
    type = "registry"
    reference = "lcod://tooling/resolver/internal/build-lock@0.1.0"
